
Microsoft Visual Studio Solution File, Format Version 12.00
# Visual Studio Version 17
VisualStudioVersion = 17.7.33711.374
MinimumVisualStudioVersion = 10.0.40219.1
Project("{FAE04EC0-301F-11D3-BF4B-00C04F79EFBC}") = "DarkFiddler", "DarkFiddler\DarkFiddler.csproj", "{AFBFA9D3-10CB-430C-9517-95C712ACD2B5}"
EndProject
Project("{2150E333-8FDC-42A3-9474-1A3956D46DE8}") = "Solution Items", "Solution Items", "{68C1004D-D927-41D7-8AED-BD88BA910D5F}"
	ProjectSection(SolutionItems) = preProject
		README.md = README.md
	EndProjectSection
EndProject
Global
	GlobalSection(SolutionConfigurationPlatforms) = preSolution
		Debug|Any CPU = Debug|Any CPU
		Release|Any CPU = Release|Any CPU
	EndGlobalSection
	GlobalSection(ProjectConfigurationPlatforms) = postSolution
		{AFBFA9D3-10CB-430C-9517-95C712ACD2B5}.Debug|Any CPU.ActiveCfg = Debug|Any CPU
		{AFBFA9D3-10CB-430C-9517-95C712ACD2B5}.Debug|Any CPU.Build.0 = Debug|Any CPU
		{AFBFA9D3-10CB-430C-9517-95C712ACD2B5}.Release|Any CPU.ActiveCfg = Release|Any CPU
		{AFBFA9D3-10CB-430C-9517-95C712ACD2B5}.Release|Any CPU.Build.0 = Release|Any CPU
	EndGlobalSection
	GlobalSection(SolutionProperties) = preSolution
		HideSolutionNode = FALSE
	EndGlobalSection
	GlobalSection(ExtensibilityGlobals) = postSolution
		SolutionGuid = {5F63CC08-3BD9-4D24-9FAF-4920F76B4076}
	EndGlobalSection
EndGlobal
